
Microsoft Visual Studio Solution File, Format Version 12.00
# Visual Studio 15
VisualStudioVersion = 15.0.28307.136
MinimumVisualStudioVersion = 10.0.40219.1
Project("{FAE04EC0-301F-11D3-BF4B-00C04F79EFBC}") = "EnumDaysOfTheWeek", "EnumDaysOfTheWeek\EnumDaysOfTheWeek.csproj", "{0218073E-6761-47F3-BD9B-06E577E4C793}"
EndProject
Global
	GlobalSection(SolutionConfigurationPlatforms) = preSolution
		Debug|Any CPU = Debug|Any CPU
		Release|Any CPU = Release|Any CPU
	EndGlobalSection
	GlobalSection(ProjectConfigurationPlatforms) = postSolution
		{0218073E-6761-47F3-BD9B-06E577E4C793}.Debug|Any CPU.ActiveCfg = Debug|Any CPU
		{0218073E-6761-47F3-BD9B-06E577E4C793}.Debug|Any CPU.Build.0 = Debug|Any CPU
		{0218073E-6761-47F3-BD9B-06E577E4C793}.Release|Any CPU.ActiveCfg = Release|Any CPU
		{0218073E-6761-47F3-BD9B-06E577E4C793}.Release|Any CPU.Build.0 = Release|Any CPU
	EndGlobalSection
	GlobalSection(SolutionProperties) = preSolution
		HideSolutionNode = FALSE
	EndGlobalSection
	GlobalSection(ExtensibilityGlobals) = postSolution
		SolutionGuid = {0A69AC71-DB42-4C88-8AC4-B5BFB8994DF7}
	EndGlobalSection
EndGlobal
