
Microsoft Visual Studio Solution File, Format Version 12.00
# Visual Studio 15
VisualStudioVersion = 15.0.28307.136
MinimumVisualStudioVersion = 10.0.40219.1
Project("{FAE04EC0-301F-11D3-BF4B-00C04F79EFBC}") = "PersonW2Params", "PersonW2Params\PersonW2Params.csproj", "{A7B991F9-524C-4963-AE8D-27B802324A85}"
EndProject
Global
	GlobalSection(SolutionConfigurationPlatforms) = preSolution
		Debug|Any CPU = Debug|Any CPU
		Release|Any CPU = Release|Any CPU
	EndGlobalSection
	GlobalSection(ProjectConfigurationPlatforms) = postSolution
		{A7B991F9-524C-4963-AE8D-27B802324A85}.Debug|Any CPU.ActiveCfg = Debug|Any CPU
		{A7B991F9-524C-4963-AE8D-27B802324A85}.Debug|Any CPU.Build.0 = Debug|Any CPU
		{A7B991F9-524C-4963-AE8D-27B802324A85}.Release|Any CPU.ActiveCfg = Release|Any CPU
		{A7B991F9-524C-4963-AE8D-27B802324A85}.Release|Any CPU.Build.0 = Release|Any CPU
	EndGlobalSection
	GlobalSection(SolutionProperties) = preSolution
		HideSolutionNode = FALSE
	EndGlobalSection
	GlobalSection(ExtensibilityGlobals) = postSolution
		SolutionGuid = {9A97BDA7-4EC7-4EB6-9C0B-96CD1C66A220}
	EndGlobalSection
EndGlobal
