
Microsoft Visual Studio Solution File, Format Version 12.00
# Visual Studio 15
VisualStudioVersion = 15.0.28307.136
MinimumVisualStudioVersion = 10.0.40219.1
Project("{FAE04EC0-301F-11D3-BF4B-00C04F79EFBC}") = "LambdaExpressions", "LambdaExpressions\LambdaExpressions.csproj", "{91CA4B70-2BED-424F-8CB2-B7CDC8CFE521}"
EndProject
Global
	GlobalSection(SolutionConfigurationPlatforms) = preSolution
		Debug|Any CPU = Debug|Any CPU
		Release|Any CPU = Release|Any CPU
	EndGlobalSection
	GlobalSection(ProjectConfigurationPlatforms) = postSolution
		{91CA4B70-2BED-424F-8CB2-B7CDC8CFE521}.Debug|Any CPU.ActiveCfg = Debug|Any CPU
		{91CA4B70-2BED-424F-8CB2-B7CDC8CFE521}.Debug|Any CPU.Build.0 = Debug|Any CPU
		{91CA4B70-2BED-424F-8CB2-B7CDC8CFE521}.Release|Any CPU.ActiveCfg = Release|Any CPU
		{91CA4B70-2BED-424F-8CB2-B7CDC8CFE521}.Release|Any CPU.Build.0 = Release|Any CPU
	EndGlobalSection
	GlobalSection(SolutionProperties) = preSolution
		HideSolutionNode = FALSE
	EndGlobalSection
	GlobalSection(ExtensibilityGlobals) = postSolution
		SolutionGuid = {B619CBDC-D491-4862-9E6F-E4386E3E6131}
	EndGlobalSection
EndGlobal
