
Microsoft Visual Studio Solution File, Format Version 12.00
# Visual Studio 15
VisualStudioVersion = 15.0.28307.106
MinimumVisualStudioVersion = 10.0.40219.1
Project("{FAE04EC0-301F-11D3-BF4B-00C04F79EFBC}") = "MathAndComparisonOperators", "MathAndComparisonOperators\MathAndComparisonOperators.csproj", "{AFF9E3A8-D78D-425F-8A57-61EBBCAACC09}"
EndProject
Global
	GlobalSection(SolutionConfigurationPlatforms) = preSolution
		Debug|Any CPU = Debug|Any CPU
		Release|Any CPU = Release|Any CPU
	EndGlobalSection
	GlobalSection(ProjectConfigurationPlatforms) = postSolution
		{AFF9E3A8-D78D-425F-8A57-61EBBCAACC09}.Debug|Any CPU.ActiveCfg = Debug|Any CPU
		{AFF9E3A8-D78D-425F-8A57-61EBBCAACC09}.Debug|Any CPU.Build.0 = Debug|Any CPU
		{AFF9E3A8-D78D-425F-8A57-61EBBCAACC09}.Release|Any CPU.ActiveCfg = Release|Any CPU
		{AFF9E3A8-D78D-425F-8A57-61EBBCAACC09}.Release|Any CPU.Build.0 = Release|Any CPU
	EndGlobalSection
	GlobalSection(SolutionProperties) = preSolution
		HideSolutionNode = FALSE
	EndGlobalSection
	GlobalSection(ExtensibilityGlobals) = postSolution
		SolutionGuid = {4CD384F0-DF78-40C8-8468-1899FF2015AB}
	EndGlobalSection
EndGlobal
