
Microsoft Visual Studio Solution File, Format Version 12.00
# Visual Studio 15
VisualStudioVersion = 15.0.28307.136
MinimumVisualStudioVersion = 10.0.40219.1
Project("{FAE04EC0-301F-11D3-BF4B-00C04F79EFBC}") = "TextLoggingProject", "TextLoggingProject\TextLoggingProject.csproj", "{335655E7-3757-442F-B1AB-B9FAE857B984}"
EndProject
Global
	GlobalSection(SolutionConfigurationPlatforms) = preSolution
		Debug|Any CPU = Debug|Any CPU
		Release|Any CPU = Release|Any CPU
	EndGlobalSection
	GlobalSection(ProjectConfigurationPlatforms) = postSolution
		{335655E7-3757-442F-B1AB-B9FAE857B984}.Debug|Any CPU.ActiveCfg = Debug|Any CPU
		{335655E7-3757-442F-B1AB-B9FAE857B984}.Debug|Any CPU.Build.0 = Debug|Any CPU
		{335655E7-3757-442F-B1AB-B9FAE857B984}.Release|Any CPU.ActiveCfg = Release|Any CPU
		{335655E7-3757-442F-B1AB-B9FAE857B984}.Release|Any CPU.Build.0 = Release|Any CPU
	EndGlobalSection
	GlobalSection(SolutionProperties) = preSolution
		HideSolutionNode = FALSE
	EndGlobalSection
	GlobalSection(ExtensibilityGlobals) = postSolution
		SolutionGuid = {017AA364-84AD-46E4-A0D7-C80F12C051DA}
	EndGlobalSection
EndGlobal
