
Microsoft Visual Studio Solution File, Format Version 12.00
# Visual Studio 15
VisualStudioVersion = 15.0.28307.106
MinimumVisualStudioVersion = 10.0.40219.1
Project("{FAE04EC0-301F-11D3-BF4B-00C04F79EFBC}") = "VariablesAndDataTypes", "VariablesAndDataTypes\VariablesAndDataTypes.csproj", "{DA0041E3-9CA7-4A64-96D5-A9220C1439CA}"
EndProject
Global
	GlobalSection(SolutionConfigurationPlatforms) = preSolution
		Debug|Any CPU = Debug|Any CPU
		Release|Any CPU = Release|Any CPU
	EndGlobalSection
	GlobalSection(ProjectConfigurationPlatforms) = postSolution
		{DA0041E3-9CA7-4A64-96D5-A9220C1439CA}.Debug|Any CPU.ActiveCfg = Debug|Any CPU
		{DA0041E3-9CA7-4A64-96D5-A9220C1439CA}.Debug|Any CPU.Build.0 = Debug|Any CPU
		{DA0041E3-9CA7-4A64-96D5-A9220C1439CA}.Release|Any CPU.ActiveCfg = Release|Any CPU
		{DA0041E3-9CA7-4A64-96D5-A9220C1439CA}.Release|Any CPU.Build.0 = Release|Any CPU
	EndGlobalSection
	GlobalSection(SolutionProperties) = preSolution
		HideSolutionNode = FALSE
	EndGlobalSection
	GlobalSection(ExtensibilityGlobals) = postSolution
		SolutionGuid = {BF352D85-EDAF-4337-B51A-C07E497023E4}
	EndGlobalSection
EndGlobal
