
Microsoft Visual Studio Solution File, Format Version 12.00
# Visual Studio 15
VisualStudioVersion = 15.0.28307.136
MinimumVisualStudioVersion = 10.0.40219.1
Project("{FAE04EC0-301F-11D3-BF4B-00C04F79EFBC}") = "VoidMethodClass-Project", "VoidMethodClass-Project\VoidMethodClass-Project.csproj", "{790581F0-743F-43C6-80BF-6AEFA244361C}"
EndProject
Global
	GlobalSection(SolutionConfigurationPlatforms) = preSolution
		Debug|Any CPU = Debug|Any CPU
		Release|Any CPU = Release|Any CPU
	EndGlobalSection
	GlobalSection(ProjectConfigurationPlatforms) = postSolution
		{790581F0-743F-43C6-80BF-6AEFA244361C}.Debug|Any CPU.ActiveCfg = Debug|Any CPU
		{790581F0-743F-43C6-80BF-6AEFA244361C}.Debug|Any CPU.Build.0 = Debug|Any CPU
		{790581F0-743F-43C6-80BF-6AEFA244361C}.Release|Any CPU.ActiveCfg = Release|Any CPU
		{790581F0-743F-43C6-80BF-6AEFA244361C}.Release|Any CPU.Build.0 = Release|Any CPU
	EndGlobalSection
	GlobalSection(SolutionProperties) = preSolution
		HideSolutionNode = FALSE
	EndGlobalSection
	GlobalSection(ExtensibilityGlobals) = postSolution
		SolutionGuid = {49CDD313-2D92-4313-84FB-0C0EE70C4A99}
	EndGlobalSection
EndGlobal
